{
  "requires": true,
  "lockfileVersion": 1,
  "dependencies": {
    "material-icons": {
      "version": "0.2.1",
      "resolved": "https://registry.npmjs.org/material-icons/-/material-icons-0.2.1.tgz",
      "integrity": "sha512-bfC+3725JS0N7KQUy1Q9345HxMBGi0Ju4NnCTGCCPk5uDqcwnCtO0X/ofzunDH9LABD/ShGTht8sZnWFVCRzuw=="
    }
  }
}
